{
  "requires": true,
  "lockfileVersion": 1,
  "dependencies": {
    "lodash": {
      "version": "3.0.1",
      "resolved": "https://registry.npmjs.org/lodash/-/lodash-3.0.1.tgz",
      "integrity": "sha1-FNSQKKOLx0AkHRHi7NV+wG1zwZo="
    },
    "snyk": {
      "version": "1.866.0",
      "resolved": "https://registry.npmjs.org/snyk/-/snyk-1.866.0.tgz",
      "integrity": "sha512-bV0yXm1iJtHKtV2OHA5eBYa6S/1p0bRe1cqDPTO2zzsfnhPJqpvIM6fDjCxSISYMqv00eGFoaNa0MPM25KmUoQ=="
    }
  }
}
